
Microsoft Visual Studio Solution File, Format Version 12.00
# Visual Studio Version 17
VisualStudioVersion = 17.11.35327.3
MinimumVisualStudioVersion = 10.0.40219.1
Project("{9A19103F-16F7-4668-BE54-9A1E7A4F7556}") = "SudokuSolver.WebApi", "SudokuSolver.WebApi\SudokuSolver.WebApi.csproj", "{2ABC1549-1B22-4178-853A-1142E31E1F5A}"
EndProject
Project("{FAE04EC0-301F-11D3-BF4B-00C04F79EFBC}") = "SudokuSolver.Test", "SudokuSolver.Test\SudokuSolver.Test.csproj", "{F1A8A0A9-49D2-4F72-9123-087FBD6446D1}"
EndProject
Global
	GlobalSection(SolutionConfigurationPlatforms) = preSolution
		Debug|Any CPU = Debug|Any CPU
		Release|Any CPU = Release|Any CPU
	EndGlobalSection
	GlobalSection(ProjectConfigurationPlatforms) = postSolution
		{2ABC1549-1B22-4178-853A-1142E31E1F5A}.Debug|Any CPU.ActiveCfg = Debug|Any CPU
		{2ABC1549-1B22-4178-853A-1142E31E1F5A}.Debug|Any CPU.Build.0 = Debug|Any CPU
		{2ABC1549-1B22-4178-853A-1142E31E1F5A}.Release|Any CPU.ActiveCfg = Release|Any CPU
		{2ABC1549-1B22-4178-853A-1142E31E1F5A}.Release|Any CPU.Build.0 = Release|Any CPU
		{F1A8A0A9-49D2-4F72-9123-087FBD6446D1}.Debug|Any CPU.ActiveCfg = Debug|Any CPU
		{F1A8A0A9-49D2-4F72-9123-087FBD6446D1}.Debug|Any CPU.Build.0 = Debug|Any CPU
		{F1A8A0A9-49D2-4F72-9123-087FBD6446D1}.Release|Any CPU.ActiveCfg = Release|Any CPU
		{F1A8A0A9-49D2-4F72-9123-087FBD6446D1}.Release|Any CPU.Build.0 = Release|Any CPU
	EndGlobalSection
	GlobalSection(SolutionProperties) = preSolution
		HideSolutionNode = FALSE
	EndGlobalSection
	GlobalSection(ExtensibilityGlobals) = postSolution
		SolutionGuid = {F28555D3-64C8-4B70-B355-1DD4849D3F7D}
	EndGlobalSection
EndGlobal
